
Microsoft Visual Studio Solution File, Format Version 12.00
# Visual Studio Version 16
VisualStudioVersion = 16.0.29728.190
MinimumVisualStudioVersion = 10.0.40219.1
Project("{FAE04EC0-301F-11D3-BF4B-00C04F79EFBC}") = "leetcode", "leetcode\leetcode.csproj", "{FF5D4677-BA61-444C-86C0-4810BEDAF7E9}"
EndProject
Global
	GlobalSection(SolutionConfigurationPlatforms) = preSolution
		Debug|Any CPU = Debug|Any CPU
		Release|Any CPU = Release|Any CPU
	EndGlobalSection
	GlobalSection(ProjectConfigurationPlatforms) = postSolution
		{FF5D4677-BA61-444C-86C0-4810BEDAF7E9}.Debug|Any CPU.ActiveCfg = Debug|Any CPU
		{FF5D4677-BA61-444C-86C0-4810BEDAF7E9}.Debug|Any CPU.Build.0 = Debug|Any CPU
		{FF5D4677-BA61-444C-86C0-4810BEDAF7E9}.Release|Any CPU.ActiveCfg = Release|Any CPU
		{FF5D4677-BA61-444C-86C0-4810BEDAF7E9}.Release|Any CPU.Build.0 = Release|Any CPU
	EndGlobalSection
	GlobalSection(SolutionProperties) = preSolution
		HideSolutionNode = FALSE
	EndGlobalSection
	GlobalSection(ExtensibilityGlobals) = postSolution
		SolutionGuid = {89967308-25A9-4C6A-8921-7E49236D4ED2}
	EndGlobalSection
EndGlobal
